
Microsoft Visual Studio Solution File, Format Version 12.00
# Visual Studio Version 17
VisualStudioVersion = 17.0.31903.59
MinimumVisualStudioVersion = 10.0.40219.1
Project("{FAE04EC0-301F-11D3-BF4B-00C04F79EFBC}") = "PredictiveMaintenance.Api", "PredictiveMaintenance.Api\PredictiveMaintenance.Api.csproj", "{72AD90FF-5C65-41B1-8F32-33B5A6C9DD20}"
EndProject
Project("{FAE04EC0-301F-11D3-BF4B-00C04F79EFBC}") = "PredictiveMaintenance.Domain", "PredictiveMaintenance.Domain\PredictiveMaintenance.Domain.csproj", "{15BE7BFA-7FF7-42AC-B88C-C6F892F59105}"
EndProject
Project("{FAE04EC0-301F-11D3-BF4B-00C04F79EFBC}") = "PredictiveMaintenance.Application", "PredictiveMaintenance.Application\PredictiveMaintenance.Application.csproj", "{6A0EB2C4-B7F2-4E6E-84B6-1D8BBE4EE095}"
EndProject
Project("{FAE04EC0-301F-11D3-BF4B-00C04F79EFBC}") = "PredictiveMaintenance.Infrastructure", "PredictiveMaintenance.Infrastructure\PredictiveMaintenance.Infrastructure.csproj", "{16FB2DB3-F074-44F7-8AB3-DA619915A984}"
EndProject
Global
	GlobalSection(SolutionConfigurationPlatforms) = preSolution
		Debug|Any CPU = Debug|Any CPU
		Debug|x64 = Debug|x64
		Debug|x86 = Debug|x86
		Release|Any CPU = Release|Any CPU
		Release|x64 = Release|x64
		Release|x86 = Release|x86
	EndGlobalSection
	GlobalSection(ProjectConfigurationPlatforms) = postSolution
		{72AD90FF-5C65-41B1-8F32-33B5A6C9DD20}.Debug|Any CPU.ActiveCfg = Debug|Any CPU
		{72AD90FF-5C65-41B1-8F32-33B5A6C9DD20}.Debug|Any CPU.Build.0 = Debug|Any CPU
		{72AD90FF-5C65-41B1-8F32-33B5A6C9DD20}.Debug|x64.ActiveCfg = Debug|Any CPU
		{72AD90FF-5C65-41B1-8F32-33B5A6C9DD20}.Debug|x64.Build.0 = Debug|Any CPU
		{72AD90FF-5C65-41B1-8F32-33B5A6C9DD20}.Debug|x86.ActiveCfg = Debug|Any CPU
		{72AD90FF-5C65-41B1-8F32-33B5A6C9DD20}.Debug|x86.Build.0 = Debug|Any CPU
		{72AD90FF-5C65-41B1-8F32-33B5A6C9DD20}.Release|Any CPU.ActiveCfg = Release|Any CPU
		{72AD90FF-5C65-41B1-8F32-33B5A6C9DD20}.Release|Any CPU.Build.0 = Release|Any CPU
		{72AD90FF-5C65-41B1-8F32-33B5A6C9DD20}.Release|x64.ActiveCfg = Release|Any CPU
		{72AD90FF-5C65-41B1-8F32-33B5A6C9DD20}.Release|x64.Build.0 = Release|Any CPU
		{72AD90FF-5C65-41B1-8F32-33B5A6C9DD20}.Release|x86.ActiveCfg = Release|Any CPU
		{72AD90FF-5C65-41B1-8F32-33B5A6C9DD20}.Release|x86.Build.0 = Release|Any CPU
		{15BE7BFA-7FF7-42AC-B88C-C6F892F59105}.Debug|Any CPU.ActiveCfg = Debug|Any CPU
		{15BE7BFA-7FF7-42AC-B88C-C6F892F59105}.Debug|Any CPU.Build.0 = Debug|Any CPU
		{15BE7BFA-7FF7-42AC-B88C-C6F892F59105}.Debug|x64.ActiveCfg = Debug|Any CPU
		{15BE7BFA-7FF7-42AC-B88C-C6F892F59105}.Debug|x64.Build.0 = Debug|Any CPU
		{15BE7BFA-7FF7-42AC-B88C-C6F892F59105}.Debug|x86.ActiveCfg = Debug|Any CPU
		{15BE7BFA-7FF7-42AC-B88C-C6F892F59105}.Debug|x86.Build.0 = Debug|Any CPU
		{15BE7BFA-7FF7-42AC-B88C-C6F892F59105}.Release|Any CPU.ActiveCfg = Release|Any CPU
		{15BE7BFA-7FF7-42AC-B88C-C6F892F59105}.Release|Any CPU.Build.0 = Release|Any CPU
		{15BE7BFA-7FF7-42AC-B88C-C6F892F59105}.Release|x64.ActiveCfg = Release|Any CPU
		{15BE7BFA-7FF7-42AC-B88C-C6F892F59105}.Release|x64.Build.0 = Release|Any CPU
		{15BE7BFA-7FF7-42AC-B88C-C6F892F59105}.Release|x86.ActiveCfg = Release|Any CPU
		{15BE7BFA-7FF7-42AC-B88C-C6F892F59105}.Release|x86.Build.0 = Release|Any CPU
		{6A0EB2C4-B7F2-4E6E-84B6-1D8BBE4EE095}.Debug|Any CPU.ActiveCfg = Debug|Any CPU
		{6A0EB2C4-B7F2-4E6E-84B6-1D8BBE4EE095}.Debug|Any CPU.Build.0 = Debug|Any CPU
		{6A0EB2C4-B7F2-4E6E-84B6-1D8BBE4EE095}.Debug|x64.ActiveCfg = Debug|Any CPU
		{6A0EB2C4-B7F2-4E6E-84B6-1D8BBE4EE095}.Debug|x64.Build.0 = Debug|Any CPU
		{6A0EB2C4-B7F2-4E6E-84B6-1D8BBE4EE095}.Debug|x86.ActiveCfg = Debug|Any CPU
		{6A0EB2C4-B7F2-4E6E-84B6-1D8BBE4EE095}.Debug|x86.Build.0 = Debug|Any CPU
		{6A0EB2C4-B7F2-4E6E-84B6-1D8BBE4EE095}.Release|Any CPU.ActiveCfg = Release|Any CPU
		{6A0EB2C4-B7F2-4E6E-84B6-1D8BBE4EE095}.Release|Any CPU.Build.0 = Release|Any CPU
		{6A0EB2C4-B7F2-4E6E-84B6-1D8BBE4EE095}.Release|x64.ActiveCfg = Release|Any CPU
		{6A0EB2C4-B7F2-4E6E-84B6-1D8BBE4EE095}.Release|x64.Build.0 = Release|Any CPU
		{6A0EB2C4-B7F2-4E6E-84B6-1D8BBE4EE095}.Release|x86.ActiveCfg = Release|Any CPU
		{6A0EB2C4-B7F2-4E6E-84B6-1D8BBE4EE095}.Release|x86.Build.0 = Release|Any CPU
		{16FB2DB3-F074-44F7-8AB3-DA619915A984}.Debug|Any CPU.ActiveCfg = Debug|Any CPU
		{16FB2DB3-F074-44F7-8AB3-DA619915A984}.Debug|Any CPU.Build.0 = Debug|Any CPU
		{16FB2DB3-F074-44F7-8AB3-DA619915A984}.Debug|x64.ActiveCfg = Debug|Any CPU
		{16FB2DB3-F074-44F7-8AB3-DA619915A984}.Debug|x64.Build.0 = Debug|Any CPU
		{16FB2DB3-F074-44F7-8AB3-DA619915A984}.Debug|x86.ActiveCfg = Debug|Any CPU
		{16FB2DB3-F074-44F7-8AB3-DA619915A984}.Debug|x86.Build.0 = Debug|Any CPU
		{16FB2DB3-F074-44F7-8AB3-DA619915A984}.Release|Any CPU.ActiveCfg = Release|Any CPU
		{16FB2DB3-F074-44F7-8AB3-DA619915A984}.Release|Any CPU.Build.0 = Release|Any CPU
		{16FB2DB3-F074-44F7-8AB3-DA619915A984}.Release|x64.ActiveCfg = Release|Any CPU
		{16FB2DB3-F074-44F7-8AB3-DA619915A984}.Release|x64.Build.0 = Release|Any CPU
		{16FB2DB3-F074-44F7-8AB3-DA619915A984}.Release|x86.ActiveCfg = Release|Any CPU
		{16FB2DB3-F074-44F7-8AB3-DA619915A984}.Release|x86.Build.0 = Release|Any CPU
	EndGlobalSection
	GlobalSection(SolutionProperties) = preSolution
		HideSolutionNode = FALSE
	EndGlobalSection
EndGlobal
